// !$*UTF8*$!
{
	archiveVersion = 1;
	classes = {
	};
	objectVersion = 56;
	objects = {

/* Begin PBXBuildFile section */
		F5D2EE532BF3FE300072F64F /* Top10App.swift in Sources */ = {isa = PBXBuildFile; fileRef = F5D2EE522BF3FE300072F64F /* Top10App.swift */; };
		F5D2EE552BF3FE300072F64F /* ContentView.swift in Sources */ = {isa = PBXBuildFile; fileRef = F5D2EE542BF3FE300072F64F /* ContentView.swift */; };
		F5D2EE572BF3FE310072F64F /* Assets.xcassets in Resources */ = {isa = PBXBuildFile; fileRef = F5D2EE562BF3FE310072F64F /* Assets.xcassets */; };
		F5D2EE5A2BF3FE310072F64F /* Preview Assets.xcassets in Resources */ = {isa = PBXBuildFile; fileRef = F5D2EE592BF3FE310072F64F /* Preview Assets.xcassets */; };
		F5E44FCC2BF4773B00AC2321 /* SignInView.swift in Sources */ = {isa = PBXBuildFile; fileRef = F5E44FCB2BF4773B00AC2321 /* SignInView.swift */; };
		F5E44FCE2BF4778600AC2321 /* CategoriesView.swift in Sources */ = {isa = PBXBuildFile; fileRef = F5E44FCD2BF4778600AC2321 /* CategoriesView.swift */; };
		F5E44FD02BF477E300AC2321 /* GameView.swift in Sources */ = {isa = PBXBuildFile; fileRef = F5E44FCF2BF477E300AC2321 /* GameView.swift */; };
		F5E44FD32BF4824F00AC2321 /* Lottie in Frameworks */ = {isa = PBXBuildFile; productRef = F5E44FD22BF4824F00AC2321 /* Lottie */; };
		F5E44FD82BF4834000AC2321 /* LogoAnimation.json in Resources */ = {isa = PBXBuildFile; fileRef = F5E44FD72BF4834000AC2321 /* LogoAnimation.json */; };
		F5E44FDA2BF4E56F00AC2321 /* Constants.swift in Sources */ = {isa = PBXBuildFile; fileRef = F5E44FD92BF4E56F00AC2321 /* Constants.swift */; };
		F5E44FDF2BF5041000AC2321 /* GenerateCategoryView.swift in Sources */ = {isa = PBXBuildFile; fileRef = F5E44FDE2BF5041000AC2321 /* GenerateCategoryView.swift */; };
		F5E44FE22BF51F7800AC2321 /* OpenAI in Frameworks */ = {isa = PBXBuildFile; productRef = F5E44FE12BF51F7800AC2321 /* OpenAI */; };
		F5E44FE62BF51F9D00AC2321 /* GameModerator.swift in Sources */ = {isa = PBXBuildFile; fileRef = F5E44FE52BF51F9D00AC2321 /* GameModerator.swift */; };
		F5E44FE82BF5817A00AC2321 /* GeneratedCategoryView.swift in Sources */ = {isa = PBXBuildFile; fileRef = F5E44FE72BF5817A00AC2321 /* GeneratedCategoryView.swift */; };
/* End PBXBuildFile section */

/* Begin PBXFileReference section */
		F5244A882BF41BD000C4B980 /* Info.plist */ = {isa = PBXFileReference; lastKnownFileType = text.plist.xml; path = Info.plist; sourceTree = "<group>"; };
		F5D2EE4F2BF3FE300072F64F /* Top10.app */ = {isa = PBXFileReference; explicitFileType = wrapper.application; includeInIndex = 0; path = Top10.app; sourceTree = BUILT_PRODUCTS_DIR; };
		F5D2EE522BF3FE300072F64F /* Top10App.swift */ = {isa = PBXFileReference; lastKnownFileType = sourcecode.swift; path = Top10App.swift; sourceTree = "<group>"; };
		F5D2EE542BF3FE300072F64F /* ContentView.swift */ = {isa = PBXFileReference; lastKnownFileType = sourcecode.swift; path = ContentView.swift; sourceTree = "<group>"; };
		F5D2EE562BF3FE310072F64F /* Assets.xcassets */ = {isa = PBXFileReference; lastKnownFileType = folder.assetcatalog; path = Assets.xcassets; sourceTree = "<group>"; };
		F5D2EE592BF3FE310072F64F /* Preview Assets.xcassets */ = {isa = PBXFileReference; lastKnownFileType = folder.assetcatalog; path = "Preview Assets.xcassets"; sourceTree = "<group>"; };
		F5D2EE602BF40B000072F64F /* Top10.entitlements */ = {isa = PBXFileReference; lastKnownFileType = text.plist.entitlements; path = Top10.entitlements; sourceTree = "<group>"; };
		F5E44FCB2BF4773B00AC2321 /* SignInView.swift */ = {isa = PBXFileReference; lastKnownFileType = sourcecode.swift; path = SignInView.swift; sourceTree = "<group>"; };
		F5E44FCD2BF4778600AC2321 /* CategoriesView.swift */ = {isa = PBXFileReference; lastKnownFileType = sourcecode.swift; path = CategoriesView.swift; sourceTree = "<group>"; };
		F5E44FCF2BF477E300AC2321 /* GameView.swift */ = {isa = PBXFileReference; lastKnownFileType = sourcecode.swift; path = GameView.swift; sourceTree = "<group>"; };
		F5E44FD72BF4834000AC2321 /* LogoAnimation.json */ = {isa = PBXFileReference; fileEncoding = 4; lastKnownFileType = text.json; path = LogoAnimation.json; sourceTree = "<group>"; };
		F5E44FD92BF4E56F00AC2321 /* Constants.swift */ = {isa = PBXFileReference; lastKnownFileType = sourcecode.swift; path = Constants.swift; sourceTree = "<group>"; };
		F5E44FDE2BF5041000AC2321 /* GenerateCategoryView.swift */ = {isa = PBXFileReference; lastKnownFileType = sourcecode.swift; path = GenerateCategoryView.swift; sourceTree = "<group>"; };
		F5E44FE52BF51F9D00AC2321 /* GameModerator.swift */ = {isa = PBXFileReference; lastKnownFileType = sourcecode.swift; path = GameModerator.swift; sourceTree = "<group>"; };
		F5E44FE72BF5817A00AC2321 /* GeneratedCategoryView.swift */ = {isa = PBXFileReference; lastKnownFileType = sourcecode.swift; path = GeneratedCategoryView.swift; sourceTree = "<group>"; };
/* End PBXFileReference section */

/* Begin PBXFrameworksBuildPhase section */
		F5D2EE4C2BF3FE300072F64F /* Frameworks */ = {
			isa = PBXFrameworksBuildPhase;
			buildActionMask = 2147483647;
			files = (
				F5E44FE22BF51F7800AC2321 /* OpenAI in Frameworks */,
				F5E44FD32BF4824F00AC2321 /* Lottie in Frameworks */,
			);
			runOnlyForDeploymentPostprocessing = 0;
		};
/* End PBXFrameworksBuildPhase section */

/* Begin PBXGroup section */
		F5D2EE462BF3FE300072F64F = {
			isa = PBXGroup;
			children = (
				F5244A882BF41BD000C4B980 /* Info.plist */,
				F5D2EE512BF3FE300072F64F /* Top10 */,
				F5D2EE502BF3FE300072F64F /* Products */,
			);
			sourceTree = "<group>";
		};
		F5D2EE502BF3FE300072F64F /* Products */ = {
			isa = PBXGroup;
			children = (
				F5D2EE4F2BF3FE300072F64F /* Top10.app */,
			);
			name = Products;
			sourceTree = "<group>";
		};
		F5D2EE512BF3FE300072F64F /* Top10 */ = {
			isa = PBXGroup;
			children = (
				F5E44FE42BF51F8E00AC2321 /* OpenAI */,
				F5E44FD42BF482D500AC2321 /* LottieFiles */,
				F5D2EE602BF40B000072F64F /* Top10.entitlements */,
				F5D2EE522BF3FE300072F64F /* Top10App.swift */,
				F5D2EE542BF3FE300072F64F /* ContentView.swift */,
				F5E44FCB2BF4773B00AC2321 /* SignInView.swift */,
				F5E44FCD2BF4778600AC2321 /* CategoriesView.swift */,
				F5E44FDE2BF5041000AC2321 /* GenerateCategoryView.swift */,
				F5E44FE72BF5817A00AC2321 /* GeneratedCategoryView.swift */,
				F5E44FCF2BF477E300AC2321 /* GameView.swift */,
				F5E44FD92BF4E56F00AC2321 /* Constants.swift */,
				F5D2EE562BF3FE310072F64F /* Assets.xcassets */,
				F5D2EE582BF3FE310072F64F /* Preview Content */,
			);
			path = Top10;
			sourceTree = "<group>";
		};
		F5D2EE582BF3FE310072F64F /* Preview Content */ = {
			isa = PBXGroup;
			children = (
				F5D2EE592BF3FE310072F64F /* Preview Assets.xcassets */,
			);
			path = "Preview Content";
			sourceTree = "<group>";
		};
		F5E44FD42BF482D500AC2321 /* LottieFiles */ = {
			isa = PBXGroup;
			children = (
				F5E44FD72BF4834000AC2321 /* LogoAnimation.json */,
			);
			path = LottieFiles;
			sourceTree = "<group>";
		};
		F5E44FE42BF51F8E00AC2321 /* OpenAI */ = {
			isa = PBXGroup;
			children = (
				F5E44FE52BF51F9D00AC2321 /* GameModerator.swift */,
			);
			path = OpenAI;
			sourceTree = "<group>";
		};
/* End PBXGroup section */

/* Begin PBXNativeTarget section */
		F5D2EE4E2BF3FE300072F64F /* Top10 */ = {
			isa = PBXNativeTarget;
			buildConfigurationList = F5D2EE5D2BF3FE310072F64F /* Build configuration list for PBXNativeTarget "Top10" */;
			buildPhases = (
				F5D2EE4B2BF3FE300072F64F /* Sources */,
				F5D2EE4C2BF3FE300072F64F /* Frameworks */,
				F5D2EE4D2BF3FE300072F64F /* Resources */,
			);
			buildRules = (
			);
			dependencies = (
			);
			name = Top10;
			packageProductDependencies = (
				F5E44FD22BF4824F00AC2321 /* Lottie */,
				F5E44FE12BF51F7800AC2321 /* OpenAI */,
			);
			productName = Top10;
			productReference = F5D2EE4F2BF3FE300072F64F /* Top10.app */;
			productType = "com.apple.product-type.application";
		};
/* End PBXNativeTarget section */

/* Begin PBXProject section */
		F5D2EE472BF3FE300072F64F /* Project object */ = {
			isa = PBXProject;
			attributes = {
				BuildIndependentTargetsInParallel = 1;
				LastSwiftUpdateCheck = 1530;
				LastUpgradeCheck = 1530;
				TargetAttributes = {
					F5D2EE4E2BF3FE300072F64F = {
						CreatedOnToolsVersion = 15.3;
					};
				};
			};
			buildConfigurationList = F5D2EE4A2BF3FE300072F64F /* Build configuration list for PBXProject "Top10" */;
			compatibilityVersion = "Xcode 14.0";
			developmentRegion = en;
			hasScannedForEncodings = 0;
			knownRegions = (
				en,
				Base,
			);
			mainGroup = F5D2EE462BF3FE300072F64F;
			packageReferences = (
				F5E44FD12BF4824F00AC2321 /* XCRemoteSwiftPackageReference "lottie-ios" */,
				F5E44FE02BF51F7800AC2321 /* XCRemoteSwiftPackageReference "OpenAI" */,
			);
			productRefGroup = F5D2EE502BF3FE300072F64F /* Products */;
			projectDirPath = "";
			projectRoot = "";
			targets = (
				F5D2EE4E2BF3FE300072F64F /* Top10 */,
			);
		};
/* End PBXProject section */

/* Begin PBXResourcesBuildPhase section */
		F5D2EE4D2BF3FE300072F64F /* Resources */ = {
			isa = PBXResourcesBuildPhase;
			buildActionMask = 2147483647;
			files = (
				F5D2EE5A2BF3FE310072F64F /* Preview Assets.xcassets in Resources */,
				F5E44FD82BF4834000AC2321 /* LogoAnimation.json in Resources */,
				F5D2EE572BF3FE310072F64F /* Assets.xcassets in Resources */,
			);
			runOnlyForDeploymentPostprocessing = 0;
		};
/* End PBXResourcesBuildPhase section */

/* Begin PBXSourcesBuildPhase section */
		F5D2EE4B2BF3FE300072F64F /* Sources */ = {
			isa = PBXSourcesBuildPhase;
			buildActionMask = 2147483647;
			files = (
				F5E44FCE2BF4778600AC2321 /* CategoriesView.swift in Sources */,
				F5E44FCC2BF4773B00AC2321 /* SignInView.swift in Sources */,
				F5D2EE552BF3FE300072F64F /* ContentView.swift in Sources */,
				F5D2EE532BF3FE300072F64F /* Top10App.swift in Sources */,
				F5E44FD02BF477E300AC2321 /* GameView.swift in Sources */,
				F5E44FE62BF51F9D00AC2321 /* GameModerator.swift in Sources */,
				F5E44FDF2BF5041000AC2321 /* GenerateCategoryView.swift in Sources */,
				F5E44FDA2BF4E56F00AC2321 /* Constants.swift in Sources */,
				F5E44FE82BF5817A00AC2321 /* GeneratedCategoryView.swift in Sources */,
			);
			runOnlyForDeploymentPostprocessing = 0;
		};
/* End PBXSourcesBuildPhase section */

/* Begin XCBuildConfiguration section */
		F5D2EE5B2BF3FE310072F64F /* Debug */ = {
			isa = XCBuildConfiguration;
			buildSettings = {
				ALWAYS_SEARCH_USER_PATHS = NO;
				ASSETCATALOG_COMPILER_GENERATE_SWIFT_ASSET_SYMBOL_EXTENSIONS = YES;
				CLANG_ANALYZER_NONNULL = YES;
				CLANG_ANALYZER_NUMBER_OBJECT_CONVERSION = YES_AGGRESSIVE;
				CLANG_CXX_LANGUAGE_STANDARD = "gnu++20";
				CLANG_ENABLE_MODULES = YES;
				CLANG_ENABLE_OBJC_ARC = YES;
				CLANG_ENABLE_OBJC_WEAK = YES;
				CLANG_WARN_BLOCK_CAPTURE_AUTORELEASING = YES;
				CLANG_WARN_BOOL_CONVERSION = YES;
				CLANG_WARN_COMMA = YES;
				CLANG_WARN_CONSTANT_CONVERSION = YES;
				CLANG_WARN_DEPRECATED_OBJC_IMPLEMENTATIONS = YES;
				CLANG_WARN_DIRECT_OBJC_ISA_USAGE = YES_ERROR;
				CLANG_WARN_DOCUMENTATION_COMMENTS = YES;
				CLANG_WARN_EMPTY_BODY = YES;
				CLANG_WARN_ENUM_CONVERSION = YES;
				CLANG_WARN_INFINITE_RECURSION = YES;
				CLANG_WARN_INT_CONVERSION = YES;
				CLANG_WARN_NON_LITERAL_NULL_CONVERSION = YES;
				CLANG_WARN_OBJC_IMPLICIT_RETAIN_SELF = YES;
				CLANG_WARN_OBJC_LITERAL_CONVERSION = YES;
				CLANG_WARN_OBJC_ROOT_CLASS = YES_ERROR;
				CLANG_WARN_QUOTED_INCLUDE_IN_FRAMEWORK_HEADER = YES;
				CLANG_WARN_RANGE_LOOP_ANALYSIS = YES;
				CLANG_WARN_STRICT_PROTOTYPES = YES;
				CLANG_WARN_SUSPICIOUS_MOVE = YES;
				CLANG_WARN_UNGUARDED_AVAILABILITY = YES_AGGRESSIVE;
				CLANG_WARN_UNREACHABLE_CODE = YES;
				CLANG_WARN__DUPLICATE_METHOD_MATCH = YES;
				COPY_PHASE_STRIP = NO;
				DEBUG_INFORMATION_FORMAT = dwarf;
				ENABLE_STRICT_OBJC_MSGSEND = YES;
				ENABLE_TESTABILITY = YES;
				ENABLE_USER_SCRIPT_SANDBOXING = YES;
				GCC_C_LANGUAGE_STANDARD = gnu17;
				GCC_DYNAMIC_NO_PIC = NO;
				GCC_NO_COMMON_BLOCKS = YES;
				GCC_OPTIMIZATION_LEVEL = 0;
				GCC_PREPROCESSOR_DEFINITIONS = (
					"DEBUG=1",
					"$(inherited)",
				);
				GCC_WARN_64_TO_32_BIT_CONVERSION = YES;
				GCC_WARN_ABOUT_RETURN_TYPE = YES_ERROR;
				GCC_WARN_UNDECLARED_SELECTOR = YES;
				GCC_WARN_UNINITIALIZED_AUTOS = YES_AGGRESSIVE;
				GCC_WARN_UNUSED_FUNCTION = YES;
				GCC_WARN_UNUSED_VARIABLE = YES;
				IPHONEOS_DEPLOYMENT_TARGET = 17.4;
				LOCALIZATION_PREFERS_STRING_CATALOGS = YES;
				MTL_ENABLE_DEBUG_INFO = INCLUDE_SOURCE;
				MTL_FAST_MATH = YES;
				ONLY_ACTIVE_ARCH = YES;
				SDKROOT = iphoneos;
				SWIFT_ACTIVE_COMPILATION_CONDITIONS = "DEBUG $(inherited)";
				SWIFT_OPTIMIZATION_LEVEL = "-Onone";
			};
			name = Debug;
		};
		F5D2EE5C2BF3FE310072F64F /* Release */ = {
			isa = XCBuildConfiguration;
			buildSettings = {
				ALWAYS_SEARCH_USER_PATHS = NO;
				ASSETCATALOG_COMPILER_GENERATE_SWIFT_ASSET_SYMBOL_EXTENSIONS = YES;
				CLANG_ANALYZER_NONNULL = YES;
				CLANG_ANALYZER_NUMBER_OBJECT_CONVERSION = YES_AGGRESSIVE;
				CLANG_CXX_LANGUAGE_STANDARD = "gnu++20";
				CLANG_ENABLE_MODULES = YES;
				CLANG_ENABLE_OBJC_ARC = YES;
				CLANG_ENABLE_OBJC_WEAK = YES;
				CLANG_WARN_BLOCK_CAPTURE_AUTORELEASING = YES;
				CLANG_WARN_BOOL_CONVERSION = YES;
				CLANG_WARN_COMMA = YES;
				CLANG_WARN_CONSTANT_CONVERSION = YES;
				CLANG_WARN_DEPRECATED_OBJC_IMPLEMENTATIONS = YES;
				CLANG_WARN_DIRECT_OBJC_ISA_USAGE = YES_ERROR;
				CLANG_WARN_DOCUMENTATION_COMMENTS = YES;
				CLANG_WARN_EMPTY_BODY = YES;
				CLANG_WARN_ENUM_CONVERSION = YES;
				CLANG_WARN_INFINITE_RECURSION = YES;
				CLANG_WARN_INT_CONVERSION = YES;
				CLANG_WARN_NON_LITERAL_NULL_CONVERSION = YES;
				CLANG_WARN_OBJC_IMPLICIT_RETAIN_SELF = YES;
				CLANG_WARN_OBJC_LITERAL_CONVERSION = YES;
				CLANG_WARN_OBJC_ROOT_CLASS = YES_ERROR;
				CLANG_WARN_QUOTED_INCLUDE_IN_FRAMEWORK_HEADER = YES;
				CLANG_WARN_RANGE_LOOP_ANALYSIS = YES;
				CLANG_WARN_STRICT_PROTOTYPES = YES;
				CLANG_WARN_SUSPICIOUS_MOVE = YES;
				CLANG_WARN_UNGUARDED_AVAILABILITY = YES_AGGRESSIVE;
				CLANG_WARN_UNREACHABLE_CODE = YES;
				CLANG_WARN__DUPLICATE_METHOD_MATCH = YES;
				COPY_PHASE_STRIP = NO;
				DEBUG_INFORMATION_FORMAT = "dwarf-with-dsym";
				ENABLE_NS_ASSERTIONS = NO;
				ENABLE_STRICT_OBJC_MSGSEND = YES;
				ENABLE_USER_SCRIPT_SANDBOXING = YES;
				GCC_C_LANGUAGE_STANDARD = gnu17;
				GCC_NO_COMMON_BLOCKS = YES;
				GCC_WARN_64_TO_32_BIT_CONVERSION = YES;
				GCC_WARN_ABOUT_RETURN_TYPE = YES_ERROR;
				GCC_WARN_UNDECLARED_SELECTOR = YES;
				GCC_WARN_UNINITIALIZED_AUTOS = YES_AGGRESSIVE;
				GCC_WARN_UNUSED_FUNCTION = YES;
				GCC_WARN_UNUSED_VARIABLE = YES;
				IPHONEOS_DEPLOYMENT_TARGET = 17.4;
				LOCALIZATION_PREFERS_STRING_CATALOGS = YES;
				MTL_ENABLE_DEBUG_INFO = NO;
				MTL_FAST_MATH = YES;
				SDKROOT = iphoneos;
				SWIFT_COMPILATION_MODE = wholemodule;
				VALIDATE_PRODUCT = YES;
			};
			name = Release;
		};
		F5D2EE5E2BF3FE310072F64F /* Debug */ = {
			isa = XCBuildConfiguration;
			buildSettings = {
				ASSETCATALOG_COMPILER_APPICON_NAME = AppIcon;
				ASSETCATALOG_COMPILER_GLOBAL_ACCENT_COLOR_NAME = AccentColor;
				CODE_SIGN_ENTITLEMENTS = Top10/Top10.entitlements;
				CODE_SIGN_STYLE = Automatic;
				CURRENT_PROJECT_VERSION = 1;
				DEVELOPMENT_ASSET_PATHS = "\"Top10/Preview Content\"";
				DEVELOPMENT_TEAM = MBM3VV5JVW;
				ENABLE_PREVIEWS = YES;
				GENERATE_INFOPLIST_FILE = YES;
				INFOPLIST_FILE = /Users/mjorge/Documents/programming.nosync/Top10/Info.plist;
				INFOPLIST_KEY_CFBundleDisplayName = Top10;
				INFOPLIST_KEY_LSApplicationCategoryType = "public.app-category.word-games";
				INFOPLIST_KEY_NSFaceIDUsageDescription = "This app uses Face ID for authentication.";
				INFOPLIST_KEY_UIApplicationSceneManifest_Generation = YES;
				INFOPLIST_KEY_UIApplicationSupportsIndirectInputEvents = YES;
				INFOPLIST_KEY_UISupportedInterfaceOrientations = UIInterfaceOrientationPortrait;
				INFOPLIST_KEY_UISupportedInterfaceOrientations_iPad = "UIInterfaceOrientationLandscapeLeft UIInterfaceOrientationLandscapeRight UIInterfaceOrientationPortrait UIInterfaceOrientationPortraitUpsideDown";
				LD_RUNPATH_SEARCH_PATHS = (
					"$(inherited)",
					"@executable_path/Frameworks",
				);
				MARKETING_VERSION = 0.1;
				PRODUCT_BUNDLE_IDENTIFIER = me.mjorge.topten;
				PRODUCT_NAME = "$(TARGET_NAME)";
				SWIFT_EMIT_LOC_STRINGS = YES;
				SWIFT_VERSION = 5.0;
				TARGETED_DEVICE_FAMILY = "1,2";
			};
			name = Debug;
		};
		F5D2EE5F2BF3FE310072F64F /* Release */ = {
			isa = XCBuildConfiguration;
			buildSettings = {
				ASSETCATALOG_COMPILER_APPICON_NAME = AppIcon;
				ASSETCATALOG_COMPILER_GLOBAL_ACCENT_COLOR_NAME = AccentColor;
				CODE_SIGN_ENTITLEMENTS = Top10/Top10.entitlements;
				CODE_SIGN_STYLE = Automatic;
				CURRENT_PROJECT_VERSION = 1;
				DEVELOPMENT_ASSET_PATHS = "\"Top10/Preview Content\"";
				DEVELOPMENT_TEAM = MBM3VV5JVW;
				ENABLE_PREVIEWS = YES;
				GENERATE_INFOPLIST_FILE = YES;
				INFOPLIST_FILE = /Users/mjorge/Documents/programming.nosync/Top10/Info.plist;
				INFOPLIST_KEY_CFBundleDisplayName = Top10;
				INFOPLIST_KEY_LSApplicationCategoryType = "public.app-category.word-games";
				INFOPLIST_KEY_NSFaceIDUsageDescription = "This app uses Face ID for authentication.";
				INFOPLIST_KEY_UIApplicationSceneManifest_Generation = YES;
				INFOPLIST_KEY_UIApplicationSupportsIndirectInputEvents = YES;
				INFOPLIST_KEY_UISupportedInterfaceOrientations = UIInterfaceOrientationPortrait;
				INFOPLIST_KEY_UISupportedInterfaceOrientations_iPad = "UIInterfaceOrientationLandscapeLeft UIInterfaceOrientationLandscapeRight UIInterfaceOrientationPortrait UIInterfaceOrientationPortraitUpsideDown";
				LD_RUNPATH_SEARCH_PATHS = (
					"$(inherited)",
					"@executable_path/Frameworks",
				);
				MARKETING_VERSION = 0.1;
				PRODUCT_BUNDLE_IDENTIFIER = me.mjorge.topten;
				PRODUCT_NAME = "$(TARGET_NAME)";
				SWIFT_EMIT_LOC_STRINGS = YES;
				SWIFT_VERSION = 5.0;
				TARGETED_DEVICE_FAMILY = "1,2";
			};
			name = Release;
		};
/* End XCBuildConfiguration section */

/* Begin XCConfigurationList section */
		F5D2EE4A2BF3FE300072F64F /* Build configuration list for PBXProject "Top10" */ = {
			isa = XCConfigurationList;
			buildConfigurations = (
				F5D2EE5B2BF3FE310072F64F /* Debug */,
				F5D2EE5C2BF3FE310072F64F /* Release */,
			);
			defaultConfigurationIsVisible = 0;
			defaultConfigurationName = Release;
		};
		F5D2EE5D2BF3FE310072F64F /* Build configuration list for PBXNativeTarget "Top10" */ = {
			isa = XCConfigurationList;
			buildConfigurations = (
				F5D2EE5E2BF3FE310072F64F /* Debug */,
				F5D2EE5F2BF3FE310072F64F /* Release */,
			);
			defaultConfigurationIsVisible = 0;
			defaultConfigurationName = Release;
		};
/* End XCConfigurationList section */

/* Begin XCRemoteSwiftPackageReference section */
		F5E44FD12BF4824F00AC2321 /* XCRemoteSwiftPackageReference "lottie-ios" */ = {
			isa = XCRemoteSwiftPackageReference;
			repositoryURL = "https://github.com/airbnb/lottie-ios.git";
			requirement = {
				kind = upToNextMajorVersion;
				minimumVersion = 4.4.3;
			};
		};
		F5E44FE02BF51F7800AC2321 /* XCRemoteSwiftPackageReference "OpenAI" */ = {
			isa = XCRemoteSwiftPackageReference;
			repositoryURL = "https://github.com/MacPaw/OpenAI.git";
			requirement = {
				kind = upToNextMajorVersion;
				minimumVersion = 0.2.9;
			};
		};
/* End XCRemoteSwiftPackageReference section */

/* Begin XCSwiftPackageProductDependency section */
		F5E44FD22BF4824F00AC2321 /* Lottie */ = {
			isa = XCSwiftPackageProductDependency;
			package = F5E44FD12BF4824F00AC2321 /* XCRemoteSwiftPackageReference "lottie-ios" */;
			productName = Lottie;
		};
		F5E44FE12BF51F7800AC2321 /* OpenAI */ = {
			isa = XCSwiftPackageProductDependency;
			package = F5E44FE02BF51F7800AC2321 /* XCRemoteSwiftPackageReference "OpenAI" */;
			productName = OpenAI;
		};
/* End XCSwiftPackageProductDependency section */
	};
	rootObject = F5D2EE472BF3FE300072F64F /* Project object */;
}
